
Microsoft Visual Studio Solution File, Format Version 12.00
# Visual Studio Version 17
VisualStudioVersion = 17.14.36414.22
MinimumVisualStudioVersion = 10.0.40219.1
Project("{2150E333-8FDC-42A3-9474-1A3956D46DE8}") = "Task0", "Task0", "{02EA681E-C7D8-13C7-8484-4AC65E1B71E8}"
EndProject
Project("{FAE04EC0-301F-11D3-BF4B-00C04F79EFBC}") = "Tyuiu.BukinTK.Sprint3.Task0.V5", "Tyuiu.BukinTK.Sprint3.Task0.V5\Tyuiu.BukinTK.Sprint3.Task0.V5.csproj", "{AF9EFA08-96D7-43A4-9A8F-43E8839EB5CE}"
EndProject
Project("{FAE04EC0-301F-11D3-BF4B-00C04F79EFBC}") = "Tyuiu.BukinTK.Sprint3.Task0.V5.Lib", "Tyuiu.BukinTK.Sprint3.Task0.V5.Lib\Tyuiu.BukinTK.Sprint3.Task0.V5.Lib.csproj", "{9542308A-5C8F-4535-A7E6-90AEF76029A6}"
EndProject
Project("{FAE04EC0-301F-11D3-BF4B-00C04F79EFBC}") = "Tyuiu.BukinTK.Sprint3.Task0.V5.Test", "Tyuiu.BukinTK.Sprint3.Task0.V5.Test\Tyuiu.BukinTK.Sprint3.Task0.V5.Test.csproj", "{0867BF77-C340-4787-8454-B783CFFAD10C}"
EndProject
Project("{2150E333-8FDC-42A3-9474-1A3956D46DE8}") = "Task1", "Task1", "{4CF9E876-8428-42C0-805A-FB575471EE0A}"
EndProject
Project("{FAE04EC0-301F-11D3-BF4B-00C04F79EFBC}") = "Tyuiu.BukinTK.Sprint3.Task1.V7", "Tyuiu.BukinTK.Sprint3.Task1.V7\Tyuiu.BukinTK.Sprint3.Task1.V7.csproj", "{7E40703F-B1E1-4D16-A59C-EA6137A59A32}"
EndProject
Project("{FAE04EC0-301F-11D3-BF4B-00C04F79EFBC}") = "Tyuiu.BukinTK.Sprint3.Task1.V7.Lib", "Tyuiu.BukinTK.Sprint3.Task1.V7.Lib\Tyuiu.BukinTK.Sprint3.Task1.V7.Lib.csproj", "{E57FFE7A-EED8-4EB6-A900-E906BAEAD383}"
EndProject
Project("{FAE04EC0-301F-11D3-BF4B-00C04F79EFBC}") = "Tyuiu.BukinTK.Sprint3.Task1.V7.Test", "Tyuiu.BukinTK.Sprint3.Task1.V7.Test\Tyuiu.BukinTK.Sprint3.Task1.V7.Test.csproj", "{8D875192-BE39-46A7-A70B-DCF4DF822DDF}"
EndProject
Project("{2150E333-8FDC-42A3-9474-1A3956D46DE8}") = "Task2", "Task2", "{9D0A24B7-39F1-4551-9C69-8772AEA5AE01}"
EndProject
Project("{FAE04EC0-301F-11D3-BF4B-00C04F79EFBC}") = "Tyuiu.BukinTK.Sprint3.Task2.V24", "Tyuiu.BukinTK.Sprint3.Task2.V24\Tyuiu.BukinTK.Sprint3.Task2.V24.csproj", "{6FCB498B-7720-45F9-9A8B-D0940DD33A4E}"
EndProject
Project("{FAE04EC0-301F-11D3-BF4B-00C04F79EFBC}") = "Tyuiu.BukinTK.Sprint3.Task2.V24.Lib", "Tyuiu.BukinTK.Sprint3.Task2.V24.Lib\Tyuiu.BukinTK.Sprint3.Task2.V24.Lib.csproj", "{5623E168-89E2-4BF4-8385-EF5D6EF3401D}"
EndProject
Project("{FAE04EC0-301F-11D3-BF4B-00C04F79EFBC}") = "Tyuiu.BukinTK.Sprint3.Task2.V24.Test", "Tyuiu.BukinTK.Sprint3.Task2.V24.Test\Tyuiu.BukinTK.Sprint3.Task2.V24.Test.csproj", "{0AAD6B52-E49F-41CA-BE6D-EB0E0C6309B7}"
EndProject
Project("{2150E333-8FDC-42A3-9474-1A3956D46DE8}") = "Task3", "Task3", "{A9D7470C-D76A-4241-88CD-B15FB696FD51}"
EndProject
Project("{FAE04EC0-301F-11D3-BF4B-00C04F79EFBC}") = "Tyuiu.BukinTK.Sprint3.Task3.V10", "Tyuiu.BukinTK.Sprint3.Task3.V10\Tyuiu.BukinTK.Sprint3.Task3.V10.csproj", "{609EE7AB-2EBC-46D5-9554-C45AB2A32EC6}"
EndProject
Project("{FAE04EC0-301F-11D3-BF4B-00C04F79EFBC}") = "Tyuiu.BukinTK.Sprint3.Task3.V10.Lib", "Tyuiu.BukinTK.Sprint3.Task3.V10.Lib\Tyuiu.BukinTK.Sprint3.Task3.V10.Lib.csproj", "{EFF7EBA1-447F-448E-945C-33BBB8AC6DFB}"
EndProject
Project("{FAE04EC0-301F-11D3-BF4B-00C04F79EFBC}") = "Tyuiu.BukinTK.Sprint3.Task3.V10.Test", "Tyuiu.BukinTK.Sprint3.Task3.V10.Test\Tyuiu.BukinTK.Sprint3.Task3.V10.Test.csproj", "{0206E591-DEDC-44D0-AF3F-61DD81B4B91C}"
EndProject
Project("{2150E333-8FDC-42A3-9474-1A3956D46DE8}") = "Task4", "Task4", "{7A47F7AC-AB15-45F7-87FD-4150E5CB0F33}"
EndProject
Project("{FAE04EC0-301F-11D3-BF4B-00C04F79EFBC}") = "Tyuiu.BukinTK.Sprint3.Task4.V23", "Tyuiu.BukinTK.Sprint3.Task4.V23\Tyuiu.BukinTK.Sprint3.Task4.V23.csproj", "{13BA5440-6258-4D6C-B4B2-5CD9286FA782}"
EndProject
Project("{FAE04EC0-301F-11D3-BF4B-00C04F79EFBC}") = "Tyuiu.BukinTK.Sprint3.Task4.V23.Lib", "Tyuiu.BukinTK.Sprint3.Task4.V23.Lib\Tyuiu.BukinTK.Sprint3.Task4.V23.Lib.csproj", "{EAA03CE9-D0BE-47A8-B0FB-BF4EB90C74E8}"
EndProject
Project("{FAE04EC0-301F-11D3-BF4B-00C04F79EFBC}") = "Tyuiu.BukinTK.Sprint3.Task4.V23.Test", "Tyuiu.BukinTK.Sprint3.Task4.V23.Test\Tyuiu.BukinTK.Sprint3.Task4.V23.Test.csproj", "{802212B3-6177-4DC4-9E61-7308125AAE4A}"
EndProject
Project("{2150E333-8FDC-42A3-9474-1A3956D46DE8}") = "Task5", "Task5", "{B89A9926-7046-48C2-835B-47C2524B909C}"
EndProject
Project("{FAE04EC0-301F-11D3-BF4B-00C04F79EFBC}") = "Tyuiu.BukinTK.Sprint3.Task5.V7", "Tyuiu.BukinTK.Sprint3.Task5.V7\Tyuiu.BukinTK.Sprint3.Task5.V7.csproj", "{963C8884-260C-448A-82C3-5C558AE82B56}"
EndProject
Project("{FAE04EC0-301F-11D3-BF4B-00C04F79EFBC}") = "Tyuiu.BukinTK.Sprint3.Task5.V7.Lib", "Tyuiu.BukinTK.Sprint3.Task5.V7.Lib\Tyuiu.BukinTK.Sprint3.Task5.V7.Lib.csproj", "{5C763578-EEC9-4D9C-A3BD-F3BBBBA05D1A}"
EndProject
Project("{FAE04EC0-301F-11D3-BF4B-00C04F79EFBC}") = "Tyuiu.BukinTK.Sprint3.Task5.V7.Test", "Tyuiu.BukinTK.Sprint3.Task5.V7.Test\Tyuiu.BukinTK.Sprint3.Task5.V7.Test.csproj", "{B755BEC1-015C-46EA-9CF2-C3CB26E2E499}"
EndProject
Project("{2150E333-8FDC-42A3-9474-1A3956D46DE8}") = "Task6", "Task6", "{6B406E9A-7CD3-4A15-8428-FE8A22244964}"
EndProject
Project("{FAE04EC0-301F-11D3-BF4B-00C04F79EFBC}") = "Tyuiu.BukinTK.Sprint3.Task6.V26", "Tyuiu.BukinTK.Sprint3.Task6.V26\Tyuiu.BukinTK.Sprint3.Task6.V26.csproj", "{9205D68F-0F5D-4064-ACDC-53933FF3DB48}"
EndProject
Project("{FAE04EC0-301F-11D3-BF4B-00C04F79EFBC}") = "Tyuiu.BukinTK.Sprint3.Task6.V26.Lib", "Tyuiu.BukinTK.Sprint3.Task6.V26.Lib\Tyuiu.BukinTK.Sprint3.Task6.V26.Lib.csproj", "{DA796EDB-6EBE-4106-AA27-11BEC8BB0731}"
EndProject
Project("{FAE04EC0-301F-11D3-BF4B-00C04F79EFBC}") = "Tyuiu.BukinTK.Sprint3.Task6.V26.Test", "Tyuiu.BukinTK.Sprint3.Task6.V26.Test\Tyuiu.BukinTK.Sprint3.Task6.V26.Test.csproj", "{C9D95A85-FD98-499A-B83F-C7E830CABC2A}"
EndProject
Project("{2150E333-8FDC-42A3-9474-1A3956D46DE8}") = "Task7", "Task7", "{572284B6-39A6-47EB-9733-6BE0CB82110C}"
EndProject
Project("{FAE04EC0-301F-11D3-BF4B-00C04F79EFBC}") = "Tyuiu.BukinTK.Sprint3.Task7.V6", "Tyuiu.BukinTK.Sprint3.Task7.V6\Tyuiu.BukinTK.Sprint3.Task7.V6.csproj", "{3E27B950-604C-48BA-AB14-5C4AE05340EF}"
EndProject
Project("{FAE04EC0-301F-11D3-BF4B-00C04F79EFBC}") = "Tyuiu.BukinTK.Sprint3.Task7.V6.Lib", "Tyuiu.BukinTK.Sprint3.Task7.V6.Lib\Tyuiu.BukinTK.Sprint3.Task7.V6.Lib.csproj", "{885F8DC6-3F2C-49FD-8706-8E5FC7DE587F}"
EndProject
Project("{FAE04EC0-301F-11D3-BF4B-00C04F79EFBC}") = "Tyuiu.BukinTK.Sprint3.Task7.V6.Test", "Tyuiu.BukinTK.Sprint3.Task7.V6.Test\Tyuiu.BukinTK.Sprint3.Task7.V6.Test.csproj", "{E70EEDFD-BD2B-45B7-ABA7-37F885AC4A55}"
EndProject
Global
	GlobalSection(SolutionConfigurationPlatforms) = preSolution
		Debug|Any CPU = Debug|Any CPU
		Release|Any CPU = Release|Any CPU
	EndGlobalSection
	GlobalSection(ProjectConfigurationPlatforms) = postSolution
		{AF9EFA08-96D7-43A4-9A8F-43E8839EB5CE}.Debug|Any CPU.ActiveCfg = Debug|Any CPU
		{AF9EFA08-96D7-43A4-9A8F-43E8839EB5CE}.Debug|Any CPU.Build.0 = Debug|Any CPU
		{AF9EFA08-96D7-43A4-9A8F-43E8839EB5CE}.Release|Any CPU.ActiveCfg = Release|Any CPU
		{AF9EFA08-96D7-43A4-9A8F-43E8839EB5CE}.Release|Any CPU.Build.0 = Release|Any CPU
		{9542308A-5C8F-4535-A7E6-90AEF76029A6}.Debug|Any CPU.ActiveCfg = Debug|Any CPU
		{9542308A-5C8F-4535-A7E6-90AEF76029A6}.Debug|Any CPU.Build.0 = Debug|Any CPU
		{9542308A-5C8F-4535-A7E6-90AEF76029A6}.Release|Any CPU.ActiveCfg = Release|Any CPU
		{9542308A-5C8F-4535-A7E6-90AEF76029A6}.Release|Any CPU.Build.0 = Release|Any CPU
		{0867BF77-C340-4787-8454-B783CFFAD10C}.Debug|Any CPU.ActiveCfg = Debug|Any CPU
		{0867BF77-C340-4787-8454-B783CFFAD10C}.Debug|Any CPU.Build.0 = Debug|Any CPU
		{0867BF77-C340-4787-8454-B783CFFAD10C}.Release|Any CPU.ActiveCfg = Release|Any CPU
		{0867BF77-C340-4787-8454-B783CFFAD10C}.Release|Any CPU.Build.0 = Release|Any CPU
		{7E40703F-B1E1-4D16-A59C-EA6137A59A32}.Debug|Any CPU.ActiveCfg = Debug|Any CPU
		{7E40703F-B1E1-4D16-A59C-EA6137A59A32}.Debug|Any CPU.Build.0 = Debug|Any CPU
		{7E40703F-B1E1-4D16-A59C-EA6137A59A32}.Release|Any CPU.ActiveCfg = Release|Any CPU
		{7E40703F-B1E1-4D16-A59C-EA6137A59A32}.Release|Any CPU.Build.0 = Release|Any CPU
		{E57FFE7A-EED8-4EB6-A900-E906BAEAD383}.Debug|Any CPU.ActiveCfg = Debug|Any CPU
		{E57FFE7A-EED8-4EB6-A900-E906BAEAD383}.Debug|Any CPU.Build.0 = Debug|Any CPU
		{E57FFE7A-EED8-4EB6-A900-E906BAEAD383}.Release|Any CPU.ActiveCfg = Release|Any CPU
		{E57FFE7A-EED8-4EB6-A900-E906BAEAD383}.Release|Any CPU.Build.0 = Release|Any CPU
		{8D875192-BE39-46A7-A70B-DCF4DF822DDF}.Debug|Any CPU.ActiveCfg = Debug|Any CPU
		{8D875192-BE39-46A7-A70B-DCF4DF822DDF}.Debug|Any CPU.Build.0 = Debug|Any CPU
		{8D875192-BE39-46A7-A70B-DCF4DF822DDF}.Release|Any CPU.ActiveCfg = Release|Any CPU
		{8D875192-BE39-46A7-A70B-DCF4DF822DDF}.Release|Any CPU.Build.0 = Release|Any CPU
		{6FCB498B-7720-45F9-9A8B-D0940DD33A4E}.Debug|Any CPU.ActiveCfg = Debug|Any CPU
		{6FCB498B-7720-45F9-9A8B-D0940DD33A4E}.Debug|Any CPU.Build.0 = Debug|Any CPU
		{6FCB498B-7720-45F9-9A8B-D0940DD33A4E}.Release|Any CPU.ActiveCfg = Release|Any CPU
		{6FCB498B-7720-45F9-9A8B-D0940DD33A4E}.Release|Any CPU.Build.0 = Release|Any CPU
		{5623E168-89E2-4BF4-8385-EF5D6EF3401D}.Debug|Any CPU.ActiveCfg = Debug|Any CPU
		{5623E168-89E2-4BF4-8385-EF5D6EF3401D}.Debug|Any CPU.Build.0 = Debug|Any CPU
		{5623E168-89E2-4BF4-8385-EF5D6EF3401D}.Release|Any CPU.ActiveCfg = Release|Any CPU
		{5623E168-89E2-4BF4-8385-EF5D6EF3401D}.Release|Any CPU.Build.0 = Release|Any CPU
		{0AAD6B52-E49F-41CA-BE6D-EB0E0C6309B7}.Debug|Any CPU.ActiveCfg = Debug|Any CPU
		{0AAD6B52-E49F-41CA-BE6D-EB0E0C6309B7}.Debug|Any CPU.Build.0 = Debug|Any CPU
		{0AAD6B52-E49F-41CA-BE6D-EB0E0C6309B7}.Release|Any CPU.ActiveCfg = Release|Any CPU
		{0AAD6B52-E49F-41CA-BE6D-EB0E0C6309B7}.Release|Any CPU.Build.0 = Release|Any CPU
		{609EE7AB-2EBC-46D5-9554-C45AB2A32EC6}.Debug|Any CPU.ActiveCfg = Debug|Any CPU
		{609EE7AB-2EBC-46D5-9554-C45AB2A32EC6}.Debug|Any CPU.Build.0 = Debug|Any CPU
		{609EE7AB-2EBC-46D5-9554-C45AB2A32EC6}.Release|Any CPU.ActiveCfg = Release|Any CPU
		{609EE7AB-2EBC-46D5-9554-C45AB2A32EC6}.Release|Any CPU.Build.0 = Release|Any CPU
		{EFF7EBA1-447F-448E-945C-33BBB8AC6DFB}.Debug|Any CPU.ActiveCfg = Debug|Any CPU
		{EFF7EBA1-447F-448E-945C-33BBB8AC6DFB}.Debug|Any CPU.Build.0 = Debug|Any CPU
		{EFF7EBA1-447F-448E-945C-33BBB8AC6DFB}.Release|Any CPU.ActiveCfg = Release|Any CPU
		{EFF7EBA1-447F-448E-945C-33BBB8AC6DFB}.Release|Any CPU.Build.0 = Release|Any CPU
		{0206E591-DEDC-44D0-AF3F-61DD81B4B91C}.Debug|Any CPU.ActiveCfg = Debug|Any CPU
		{0206E591-DEDC-44D0-AF3F-61DD81B4B91C}.Debug|Any CPU.Build.0 = Debug|Any CPU
		{0206E591-DEDC-44D0-AF3F-61DD81B4B91C}.Release|Any CPU.ActiveCfg = Release|Any CPU
		{0206E591-DEDC-44D0-AF3F-61DD81B4B91C}.Release|Any CPU.Build.0 = Release|Any CPU
		{13BA5440-6258-4D6C-B4B2-5CD9286FA782}.Debug|Any CPU.ActiveCfg = Debug|Any CPU
		{13BA5440-6258-4D6C-B4B2-5CD9286FA782}.Debug|Any CPU.Build.0 = Debug|Any CPU
		{13BA5440-6258-4D6C-B4B2-5CD9286FA782}.Release|Any CPU.ActiveCfg = Release|Any CPU
		{13BA5440-6258-4D6C-B4B2-5CD9286FA782}.Release|Any CPU.Build.0 = Release|Any CPU
		{EAA03CE9-D0BE-47A8-B0FB-BF4EB90C74E8}.Debug|Any CPU.ActiveCfg = Debug|Any CPU
		{EAA03CE9-D0BE-47A8-B0FB-BF4EB90C74E8}.Debug|Any CPU.Build.0 = Debug|Any CPU
		{EAA03CE9-D0BE-47A8-B0FB-BF4EB90C74E8}.Release|Any CPU.ActiveCfg = Release|Any CPU
		{EAA03CE9-D0BE-47A8-B0FB-BF4EB90C74E8}.Release|Any CPU.Build.0 = Release|Any CPU
		{802212B3-6177-4DC4-9E61-7308125AAE4A}.Debug|Any CPU.ActiveCfg = Debug|Any CPU
		{802212B3-6177-4DC4-9E61-7308125AAE4A}.Debug|Any CPU.Build.0 = Debug|Any CPU
		{802212B3-6177-4DC4-9E61-7308125AAE4A}.Release|Any CPU.ActiveCfg = Release|Any CPU
		{802212B3-6177-4DC4-9E61-7308125AAE4A}.Release|Any CPU.Build.0 = Release|Any CPU
		{963C8884-260C-448A-82C3-5C558AE82B56}.Debug|Any CPU.ActiveCfg = Debug|Any CPU
		{963C8884-260C-448A-82C3-5C558AE82B56}.Debug|Any CPU.Build.0 = Debug|Any CPU
		{963C8884-260C-448A-82C3-5C558AE82B56}.Release|Any CPU.ActiveCfg = Release|Any CPU
		{963C8884-260C-448A-82C3-5C558AE82B56}.Release|Any CPU.Build.0 = Release|Any CPU
		{5C763578-EEC9-4D9C-A3BD-F3BBBBA05D1A}.Debug|Any CPU.ActiveCfg = Debug|Any CPU
		{5C763578-EEC9-4D9C-A3BD-F3BBBBA05D1A}.Debug|Any CPU.Build.0 = Debug|Any CPU
		{5C763578-EEC9-4D9C-A3BD-F3BBBBA05D1A}.Release|Any CPU.ActiveCfg = Release|Any CPU
		{5C763578-EEC9-4D9C-A3BD-F3BBBBA05D1A}.Release|Any CPU.Build.0 = Release|Any CPU
		{B755BEC1-015C-46EA-9CF2-C3CB26E2E499}.Debug|Any CPU.ActiveCfg = Debug|Any CPU
		{B755BEC1-015C-46EA-9CF2-C3CB26E2E499}.Debug|Any CPU.Build.0 = Debug|Any CPU
		{B755BEC1-015C-46EA-9CF2-C3CB26E2E499}.Release|Any CPU.ActiveCfg = Release|Any CPU
		{B755BEC1-015C-46EA-9CF2-C3CB26E2E499}.Release|Any CPU.Build.0 = Release|Any CPU
		{9205D68F-0F5D-4064-ACDC-53933FF3DB48}.Debug|Any CPU.ActiveCfg = Debug|Any CPU
		{9205D68F-0F5D-4064-ACDC-53933FF3DB48}.Debug|Any CPU.Build.0 = Debug|Any CPU
		{9205D68F-0F5D-4064-ACDC-53933FF3DB48}.Release|Any CPU.ActiveCfg = Release|Any CPU
		{9205D68F-0F5D-4064-ACDC-53933FF3DB48}.Release|Any CPU.Build.0 = Release|Any CPU
		{DA796EDB-6EBE-4106-AA27-11BEC8BB0731}.Debug|Any CPU.ActiveCfg = Debug|Any CPU
		{DA796EDB-6EBE-4106-AA27-11BEC8BB0731}.Debug|Any CPU.Build.0 = Debug|Any CPU
		{DA796EDB-6EBE-4106-AA27-11BEC8BB0731}.Release|Any CPU.ActiveCfg = Release|Any CPU
		{DA796EDB-6EBE-4106-AA27-11BEC8BB0731}.Release|Any CPU.Build.0 = Release|Any CPU
		{C9D95A85-FD98-499A-B83F-C7E830CABC2A}.Debug|Any CPU.ActiveCfg = Debug|Any CPU
		{C9D95A85-FD98-499A-B83F-C7E830CABC2A}.Debug|Any CPU.Build.0 = Debug|Any CPU
		{C9D95A85-FD98-499A-B83F-C7E830CABC2A}.Release|Any CPU.ActiveCfg = Release|Any CPU
		{C9D95A85-FD98-499A-B83F-C7E830CABC2A}.Release|Any CPU.Build.0 = Release|Any CPU
		{3E27B950-604C-48BA-AB14-5C4AE05340EF}.Debug|Any CPU.ActiveCfg = Debug|Any CPU
		{3E27B950-604C-48BA-AB14-5C4AE05340EF}.Debug|Any CPU.Build.0 = Debug|Any CPU
		{3E27B950-604C-48BA-AB14-5C4AE05340EF}.Release|Any CPU.ActiveCfg = Release|Any CPU
		{3E27B950-604C-48BA-AB14-5C4AE05340EF}.Release|Any CPU.Build.0 = Release|Any CPU
		{885F8DC6-3F2C-49FD-8706-8E5FC7DE587F}.Debug|Any CPU.ActiveCfg = Debug|Any CPU
		{885F8DC6-3F2C-49FD-8706-8E5FC7DE587F}.Debug|Any CPU.Build.0 = Debug|Any CPU
		{885F8DC6-3F2C-49FD-8706-8E5FC7DE587F}.Release|Any CPU.ActiveCfg = Release|Any CPU
		{885F8DC6-3F2C-49FD-8706-8E5FC7DE587F}.Release|Any CPU.Build.0 = Release|Any CPU
		{E70EEDFD-BD2B-45B7-ABA7-37F885AC4A55}.Debug|Any CPU.ActiveCfg = Debug|Any CPU
		{E70EEDFD-BD2B-45B7-ABA7-37F885AC4A55}.Debug|Any CPU.Build.0 = Debug|Any CPU
		{E70EEDFD-BD2B-45B7-ABA7-37F885AC4A55}.Release|Any CPU.ActiveCfg = Release|Any CPU
		{E70EEDFD-BD2B-45B7-ABA7-37F885AC4A55}.Release|Any CPU.Build.0 = Release|Any CPU
	EndGlobalSection
	GlobalSection(SolutionProperties) = preSolution
		HideSolutionNode = FALSE
	EndGlobalSection
	GlobalSection(NestedProjects) = preSolution
		{AF9EFA08-96D7-43A4-9A8F-43E8839EB5CE} = {02EA681E-C7D8-13C7-8484-4AC65E1B71E8}
		{9542308A-5C8F-4535-A7E6-90AEF76029A6} = {02EA681E-C7D8-13C7-8484-4AC65E1B71E8}
		{0867BF77-C340-4787-8454-B783CFFAD10C} = {02EA681E-C7D8-13C7-8484-4AC65E1B71E8}
		{7E40703F-B1E1-4D16-A59C-EA6137A59A32} = {4CF9E876-8428-42C0-805A-FB575471EE0A}
		{E57FFE7A-EED8-4EB6-A900-E906BAEAD383} = {4CF9E876-8428-42C0-805A-FB575471EE0A}
		{8D875192-BE39-46A7-A70B-DCF4DF822DDF} = {4CF9E876-8428-42C0-805A-FB575471EE0A}
		{6FCB498B-7720-45F9-9A8B-D0940DD33A4E} = {9D0A24B7-39F1-4551-9C69-8772AEA5AE01}
		{5623E168-89E2-4BF4-8385-EF5D6EF3401D} = {9D0A24B7-39F1-4551-9C69-8772AEA5AE01}
		{0AAD6B52-E49F-41CA-BE6D-EB0E0C6309B7} = {9D0A24B7-39F1-4551-9C69-8772AEA5AE01}
		{609EE7AB-2EBC-46D5-9554-C45AB2A32EC6} = {A9D7470C-D76A-4241-88CD-B15FB696FD51}
		{EFF7EBA1-447F-448E-945C-33BBB8AC6DFB} = {A9D7470C-D76A-4241-88CD-B15FB696FD51}
		{0206E591-DEDC-44D0-AF3F-61DD81B4B91C} = {A9D7470C-D76A-4241-88CD-B15FB696FD51}
		{13BA5440-6258-4D6C-B4B2-5CD9286FA782} = {7A47F7AC-AB15-45F7-87FD-4150E5CB0F33}
		{EAA03CE9-D0BE-47A8-B0FB-BF4EB90C74E8} = {7A47F7AC-AB15-45F7-87FD-4150E5CB0F33}
		{802212B3-6177-4DC4-9E61-7308125AAE4A} = {7A47F7AC-AB15-45F7-87FD-4150E5CB0F33}
		{963C8884-260C-448A-82C3-5C558AE82B56} = {B89A9926-7046-48C2-835B-47C2524B909C}
		{5C763578-EEC9-4D9C-A3BD-F3BBBBA05D1A} = {B89A9926-7046-48C2-835B-47C2524B909C}
		{B755BEC1-015C-46EA-9CF2-C3CB26E2E499} = {B89A9926-7046-48C2-835B-47C2524B909C}
		{9205D68F-0F5D-4064-ACDC-53933FF3DB48} = {6B406E9A-7CD3-4A15-8428-FE8A22244964}
		{DA796EDB-6EBE-4106-AA27-11BEC8BB0731} = {6B406E9A-7CD3-4A15-8428-FE8A22244964}
		{C9D95A85-FD98-499A-B83F-C7E830CABC2A} = {6B406E9A-7CD3-4A15-8428-FE8A22244964}
		{3E27B950-604C-48BA-AB14-5C4AE05340EF} = {572284B6-39A6-47EB-9733-6BE0CB82110C}
		{885F8DC6-3F2C-49FD-8706-8E5FC7DE587F} = {572284B6-39A6-47EB-9733-6BE0CB82110C}
		{E70EEDFD-BD2B-45B7-ABA7-37F885AC4A55} = {572284B6-39A6-47EB-9733-6BE0CB82110C}
	EndGlobalSection
	GlobalSection(ExtensibilityGlobals) = postSolution
		SolutionGuid = {CF2F492A-3D70-41F1-94B9-5C8DB6844171}
	EndGlobalSection
EndGlobal
